
Microsoft Visual Studio Solution File, Format Version 12.00
# Visual Studio Version 16
VisualStudioVersion = 16.0.30413.136
MinimumVisualStudioVersion = 10.0.40219.1
Project("{FAE04EC0-301F-11D3-BF4B-00C04F79EFBC}") = "TextBasedGame", "TextBasedGame\TextBasedGame.csproj", "{0D4BF2A5-94BB-4DF3-B726-FBA9C49B90B8}"
EndProject
Global
	GlobalSection(SolutionConfigurationPlatforms) = preSolution
		Debug|Any CPU = Debug|Any CPU
		Release|Any CPU = Release|Any CPU
	EndGlobalSection
	GlobalSection(ProjectConfigurationPlatforms) = postSolution
		{0D4BF2A5-94BB-4DF3-B726-FBA9C49B90B8}.Debug|Any CPU.ActiveCfg = Debug|Any CPU
		{0D4BF2A5-94BB-4DF3-B726-FBA9C49B90B8}.Debug|Any CPU.Build.0 = Debug|Any CPU
		{0D4BF2A5-94BB-4DF3-B726-FBA9C49B90B8}.Release|Any CPU.ActiveCfg = Release|Any CPU
		{0D4BF2A5-94BB-4DF3-B726-FBA9C49B90B8}.Release|Any CPU.Build.0 = Release|Any CPU
	EndGlobalSection
	GlobalSection(SolutionProperties) = preSolution
		HideSolutionNode = FALSE
	EndGlobalSection
	GlobalSection(ExtensibilityGlobals) = postSolution
		SolutionGuid = {A9E94266-05B7-4E46-82BE-4B9FF40D6C86}
	EndGlobalSection
EndGlobal
